
Microsoft Visual Studio Solution File, Format Version 12.00
# Visual Studio Version 17
VisualStudioVersion = 17.0.31903.59
MinimumVisualStudioVersion = 10.0.40219.1
Project("{FAE04EC0-301F-11D3-BF4B-00C04F79EFBC}") = "SelectionStatements", "SelectionStatements\SelectionStatements.csproj", "{F463C459-A05C-457F-8123-93BCCBC11553}"
EndProject
Project("{FAE04EC0-301F-11D3-BF4B-00C04F79EFBC}") = "Operators", "Operators\Operators.csproj", "{26F1EDAA-3A6C-48AE-B401-1A6D9F05C2AF}"
EndProject
Project("{FAE04EC0-301F-11D3-BF4B-00C04F79EFBC}") = "IterationStatements", "IterationStatements\IterationStatements.csproj", "{1B6C6209-C6F1-4D35-9ECA-D1E793E82EF8}"
EndProject
Project("{FAE04EC0-301F-11D3-BF4B-00C04F79EFBC}") = "Arrays", "Arrays\Arrays.csproj", "{91C5BAD7-C28B-4D13-B4C7-1057E6330BEC}"
EndProject
Project("{FAE04EC0-301F-11D3-BF4B-00C04F79EFBC}") = "CastingConverting", "CastingConverting\CastingConverting.csproj", "{CF40FA8F-A774-468B-810C-135E406CE1EC}"
EndProject
Project("{FAE04EC0-301F-11D3-BF4B-00C04F79EFBC}") = "HandlingExceptions", "HandlingExceptions\HandlingExceptions.csproj", "{9827F2D2-46D5-4656-9C09-BBC34D22D571}"
EndProject
Project("{FAE04EC0-301F-11D3-BF4B-00C04F79EFBC}") = "Exercise_LoopsAndOverflow", "Exercise_LoopsAndOverflow\Exercise_LoopsAndOverflow.csproj", "{2FD021A8-BA46-4CE8-B3ED-B823B88922E4}"
EndProject
Global
	GlobalSection(SolutionConfigurationPlatforms) = preSolution
		Debug|Any CPU = Debug|Any CPU
		Release|Any CPU = Release|Any CPU
	EndGlobalSection
	GlobalSection(SolutionProperties) = preSolution
		HideSolutionNode = FALSE
	EndGlobalSection
	GlobalSection(ProjectConfigurationPlatforms) = postSolution
		{F463C459-A05C-457F-8123-93BCCBC11553}.Debug|Any CPU.ActiveCfg = Debug|Any CPU
		{F463C459-A05C-457F-8123-93BCCBC11553}.Debug|Any CPU.Build.0 = Debug|Any CPU
		{F463C459-A05C-457F-8123-93BCCBC11553}.Release|Any CPU.ActiveCfg = Release|Any CPU
		{F463C459-A05C-457F-8123-93BCCBC11553}.Release|Any CPU.Build.0 = Release|Any CPU
		{26F1EDAA-3A6C-48AE-B401-1A6D9F05C2AF}.Debug|Any CPU.ActiveCfg = Debug|Any CPU
		{26F1EDAA-3A6C-48AE-B401-1A6D9F05C2AF}.Debug|Any CPU.Build.0 = Debug|Any CPU
		{26F1EDAA-3A6C-48AE-B401-1A6D9F05C2AF}.Release|Any CPU.ActiveCfg = Release|Any CPU
		{26F1EDAA-3A6C-48AE-B401-1A6D9F05C2AF}.Release|Any CPU.Build.0 = Release|Any CPU
		{1B6C6209-C6F1-4D35-9ECA-D1E793E82EF8}.Debug|Any CPU.ActiveCfg = Debug|Any CPU
		{1B6C6209-C6F1-4D35-9ECA-D1E793E82EF8}.Debug|Any CPU.Build.0 = Debug|Any CPU
		{1B6C6209-C6F1-4D35-9ECA-D1E793E82EF8}.Release|Any CPU.ActiveCfg = Release|Any CPU
		{1B6C6209-C6F1-4D35-9ECA-D1E793E82EF8}.Release|Any CPU.Build.0 = Release|Any CPU
		{91C5BAD7-C28B-4D13-B4C7-1057E6330BEC}.Debug|Any CPU.ActiveCfg = Debug|Any CPU
		{91C5BAD7-C28B-4D13-B4C7-1057E6330BEC}.Debug|Any CPU.Build.0 = Debug|Any CPU
		{91C5BAD7-C28B-4D13-B4C7-1057E6330BEC}.Release|Any CPU.ActiveCfg = Release|Any CPU
		{91C5BAD7-C28B-4D13-B4C7-1057E6330BEC}.Release|Any CPU.Build.0 = Release|Any CPU
		{CF40FA8F-A774-468B-810C-135E406CE1EC}.Debug|Any CPU.ActiveCfg = Debug|Any CPU
		{CF40FA8F-A774-468B-810C-135E406CE1EC}.Debug|Any CPU.Build.0 = Debug|Any CPU
		{CF40FA8F-A774-468B-810C-135E406CE1EC}.Release|Any CPU.ActiveCfg = Release|Any CPU
		{CF40FA8F-A774-468B-810C-135E406CE1EC}.Release|Any CPU.Build.0 = Release|Any CPU
		{9827F2D2-46D5-4656-9C09-BBC34D22D571}.Debug|Any CPU.ActiveCfg = Debug|Any CPU
		{9827F2D2-46D5-4656-9C09-BBC34D22D571}.Debug|Any CPU.Build.0 = Debug|Any CPU
		{9827F2D2-46D5-4656-9C09-BBC34D22D571}.Release|Any CPU.ActiveCfg = Release|Any CPU
		{9827F2D2-46D5-4656-9C09-BBC34D22D571}.Release|Any CPU.Build.0 = Release|Any CPU
		{2FD021A8-BA46-4CE8-B3ED-B823B88922E4}.Debug|Any CPU.ActiveCfg = Debug|Any CPU
		{2FD021A8-BA46-4CE8-B3ED-B823B88922E4}.Debug|Any CPU.Build.0 = Debug|Any CPU
		{2FD021A8-BA46-4CE8-B3ED-B823B88922E4}.Release|Any CPU.ActiveCfg = Release|Any CPU
		{2FD021A8-BA46-4CE8-B3ED-B823B88922E4}.Release|Any CPU.Build.0 = Release|Any CPU
	EndGlobalSection
EndGlobal
