
Microsoft Visual Studio Solution File, Format Version 12.00
# Visual Studio Version 17
VisualStudioVersion = 17.0.31903.59
MinimumVisualStudioVersion = 10.0.40219.1
Project("{FAE04EC0-301F-11D3-BF4B-00C04F79EFBC}") = "SelectionStatements", "SelectionStatements\SelectionStatements.csproj", "{F463C459-A05C-457F-8123-93BCCBC11553}"
EndProject
Project("{FAE04EC0-301F-11D3-BF4B-00C04F79EFBC}") = "Operators", "Operators\Operators.csproj", "{26F1EDAA-3A6C-48AE-B401-1A6D9F05C2AF}"
EndProject
Global
	GlobalSection(SolutionConfigurationPlatforms) = preSolution
		Debug|Any CPU = Debug|Any CPU
		Release|Any CPU = Release|Any CPU
	EndGlobalSection
	GlobalSection(SolutionProperties) = preSolution
		HideSolutionNode = FALSE
	EndGlobalSection
	GlobalSection(ProjectConfigurationPlatforms) = postSolution
		{F463C459-A05C-457F-8123-93BCCBC11553}.Debug|Any CPU.ActiveCfg = Debug|Any CPU
		{F463C459-A05C-457F-8123-93BCCBC11553}.Debug|Any CPU.Build.0 = Debug|Any CPU
		{F463C459-A05C-457F-8123-93BCCBC11553}.Release|Any CPU.ActiveCfg = Release|Any CPU
		{F463C459-A05C-457F-8123-93BCCBC11553}.Release|Any CPU.Build.0 = Release|Any CPU
		{26F1EDAA-3A6C-48AE-B401-1A6D9F05C2AF}.Debug|Any CPU.ActiveCfg = Debug|Any CPU
		{26F1EDAA-3A6C-48AE-B401-1A6D9F05C2AF}.Debug|Any CPU.Build.0 = Debug|Any CPU
		{26F1EDAA-3A6C-48AE-B401-1A6D9F05C2AF}.Release|Any CPU.ActiveCfg = Release|Any CPU
		{26F1EDAA-3A6C-48AE-B401-1A6D9F05C2AF}.Release|Any CPU.Build.0 = Release|Any CPU
	EndGlobalSection
EndGlobal
